# Generated by scripts/import_livecheck.py from Homebrew cask `the-clock`.
# Verified 2026-10-02: the feed's newest release for a Mac (4.9.11, build 20251010) matched the cask.
bundle_id: com.fabriceleyne.theclock
name: The Clock
fallback_sparkle_feed: https://www.seense.com/the_clock/updateapp/appcast.xml
