# Generated by scripts/import_livecheck.py from Homebrew cask `balance-lock`.
# Verified 2026-10-02: the feed's newest release for a Mac (1.1, build 568) matched the cask.
bundle_id: com.tunabelly.balancelock
name: Balance Lock
fallback_sparkle_feed: https://www.tunabellysoftware.com/resources/sparkle/balancelock.xml
