# Generated by scripts/import_livecheck.py from Homebrew cask `sherlock-app`.
# Verified 2026-10-02: the feed's newest release for a Mac (2.12.0) matched the cask.
bundle_id: io.inspiredcode.Sherlock
name: Sherlock
fallback_sparkle_feed: https://sherlock-website-assets.s3.amazonaws.com/versions.xml
